
Microsoft Visual Studio Solution File, Format Version 12.00
# Visual Studio Version 16
VisualStudioVersion = 16.0.32901.82
MinimumVisualStudioVersion = 10.0.40219.1
Project("{FAE04EC0-301F-11D3-BF4B-00C04F79EFBC}") = "CloudComputing", "CloudComputing.csproj", "{62D0A3BE-6CAA-4399-8BBC-B1D1A219E9C7}"
EndProject
Project("{FAE04EC0-301F-11D3-BF4B-00C04F79EFBC}") = "CloudComputingApi", "CloudComputingApi\CloudComputingApi.csproj", "{0A4DF004-FD4A-4638-AA81-981B8DFC0C3E}"
EndProject
Global
	GlobalSection(SolutionConfigurationPlatforms) = preSolution
		Debug|Any CPU = Debug|Any CPU
		Release|Any CPU = Release|Any CPU
	EndGlobalSection
	GlobalSection(ProjectConfigurationPlatforms) = postSolution
		{62D0A3BE-6CAA-4399-8BBC-B1D1A219E9C7}.Debug|Any CPU.ActiveCfg = Debug|Any CPU
		{62D0A3BE-6CAA-4399-8BBC-B1D1A219E9C7}.Debug|Any CPU.Build.0 = Debug|Any CPU
		{62D0A3BE-6CAA-4399-8BBC-B1D1A219E9C7}.Release|Any CPU.ActiveCfg = Release|Any CPU
		{62D0A3BE-6CAA-4399-8BBC-B1D1A219E9C7}.Release|Any CPU.Build.0 = Release|Any CPU
		{0A4DF004-FD4A-4638-AA81-981B8DFC0C3E}.Debug|Any CPU.ActiveCfg = Debug|Any CPU
		{0A4DF004-FD4A-4638-AA81-981B8DFC0C3E}.Debug|Any CPU.Build.0 = Debug|Any CPU
		{0A4DF004-FD4A-4638-AA81-981B8DFC0C3E}.Release|Any CPU.ActiveCfg = Release|Any CPU
		{0A4DF004-FD4A-4638-AA81-981B8DFC0C3E}.Release|Any CPU.Build.0 = Release|Any CPU
	EndGlobalSection
	GlobalSection(SolutionProperties) = preSolution
		HideSolutionNode = FALSE
	EndGlobalSection
	GlobalSection(ExtensibilityGlobals) = postSolution
		SolutionGuid = {798AA09E-378C-4487-8DF9-79562EF67BD2}
	EndGlobalSection
EndGlobal
